apiVersion: vendir.k14s.io/v1alpha1
directories:
- contents:
  - git:
      commitTitle: Fix same folder usage for two volume mounts settings problem
      sha: abbd694f1dade2566a7474a7dba1824e44b3c7d6
      tags:
      - mlflow-0.14.1
    path: n8n
  path: vendor
- contents:
  - directory: {}
    path: .
  path: helm/n8n/templates
kind: LockConfig
