apiVersion: vendir.k14s.io/v1alpha1
directories:
- contents:
  - git:
      commitTitle: Add lock file for pypi server chart
      sha: 134e48134559de2c6813ca405d1e8adf576ff802
      tags:
      - cloudflared-2.0.2-1-g134e481
    path: n8n
  path: vendor
- contents:
  - directory: {}
    path: .
  path: helm/n8n/templates
kind: LockConfig
